
Microsoft Visual Studio Solution File, Format Version 12.00
# Visual Studio Version 16
VisualStudioVersion = 16.0.810.22
MinimumVisualStudioVersion = 10.0.40219.1
Project("{FAE04EC0-301F-11D3-BF4B-00C04F79EFBC}") = "PacMan", "PacMan\PacMan.csproj", "{C204B855-2FBF-426C-AD1D-39867BE499A5}"
EndProject
Global
	GlobalSection(SolutionConfigurationPlatforms) = preSolution
		Debug|Any CPU = Debug|Any CPU
		Release|Any CPU = Release|Any CPU
	EndGlobalSection
	GlobalSection(ProjectConfigurationPlatforms) = postSolution
		{C204B855-2FBF-426C-AD1D-39867BE499A5}.Debug|Any CPU.ActiveCfg = Debug|Any CPU
		{C204B855-2FBF-426C-AD1D-39867BE499A5}.Debug|Any CPU.Build.0 = Debug|Any CPU
		{C204B855-2FBF-426C-AD1D-39867BE499A5}.Release|Any CPU.ActiveCfg = Release|Any CPU
		{C204B855-2FBF-426C-AD1D-39867BE499A5}.Release|Any CPU.Build.0 = Release|Any CPU
	EndGlobalSection
	GlobalSection(SolutionProperties) = preSolution
		HideSolutionNode = FALSE
	EndGlobalSection
	GlobalSection(ExtensibilityGlobals) = postSolution
		SolutionGuid = {C76F2049-46E5-4A19-BF20-2BDB87A52BDF}
	EndGlobalSection
EndGlobal
